{
  "name": "producer",
  "lockfileVersion": 2,
  "requires": true,
  "packages": {
    "": {
      "dependencies": {
        "ranjs": "^1.23.3"
      }
    },
    "node_modules/ranjs": {
      "version": "1.23.3",
      "resolved": "https://registry.npmjs.org/ranjs/-/ranjs-1.23.3.tgz",
      "integrity": "sha512-lWT3j0Edxy1/MxHTH01h5ZeTDgPTl31MZd+XMH9M6pCSWSfRb495ihJWlCYwXGyy3+TKGIggdrOnek22pkAluQ=="
    }
  },
  "dependencies": {
    "ranjs": {
      "version": "1.23.3",
      "resolved": "https://registry.npmjs.org/ranjs/-/ranjs-1.23.3.tgz",
      "integrity": "sha512-lWT3j0Edxy1/MxHTH01h5ZeTDgPTl31MZd+XMH9M6pCSWSfRb495ihJWlCYwXGyy3+TKGIggdrOnek22pkAluQ=="
    }
  }
}
